// !$*UTF8*$!
{
	archiveVersion = 1;
	classes = {
	};
	objectVersion = 56;
	objects = {

/* Begin PBXBuildFile section */
		BF08961F2914B3BF007E07BB /* HomeView.swift in Sources */ = {isa = PBXBuildFile; fileRef = BF08961E2914B3BF007E07BB /* HomeView.swift */; };
		BF34EFB92921721C00258778 /* SettingsView.swift in Sources */ = {isa = PBXBuildFile; fileRef = BF34EFB82921721C00258778 /* SettingsView.swift */; };
		BF34EFBB29219A2700258778 /* SavedRoutesView.swift in Sources */ = {isa = PBXBuildFile; fileRef = BF34EFBA29219A2700258778 /* SavedRoutesView.swift */; };
		BF34EFBD29219ADC00258778 /* HoldsView.swift in Sources */ = {isa = PBXBuildFile; fileRef = BF34EFBC29219ADC00258778 /* HoldsView.swift */; };
		BF4BFDC229678815003AA064 /* ImagePickerView.swift in Sources */ = {isa = PBXBuildFile; fileRef = BF4BFDC129678815003AA064 /* ImagePickerView.swift */; };
		BF4BFDC429678D5B003AA064 /* UploadView.swift in Sources */ = {isa = PBXBuildFile; fileRef = BF4BFDC329678D5B003AA064 /* UploadView.swift */; };
		BF7AB05A291C27EB000F01E3 /* RegisterView.swift in Sources */ = {isa = PBXBuildFile; fileRef = BF7AB059291C27EB000F01E3 /* RegisterView.swift */; };
		BF874B822921539B006B47E5 /* FeedbackView.swift in Sources */ = {isa = PBXBuildFile; fileRef = BF874B812921539B006B47E5 /* FeedbackView.swift */; };
		BF965233295F9E8D00C79932 /* SubmittedView.swift in Sources */ = {isa = PBXBuildFile; fileRef = BF965232295F9E8D00C79932 /* SubmittedView.swift */; };
		BF9CFD79299ED684009A7B79 /* GradeClassifier.swift in Sources */ = {isa = PBXBuildFile; fileRef = BF9CFD78299ED684009A7B79 /* GradeClassifier.swift */; };
		BFAD574C291494C200D6A306 /* Bouldering_AnalyserApp.swift in Sources */ = {isa = PBXBuildFile; fileRef = BFAD574B291494C200D6A306 /* Bouldering_AnalyserApp.swift */; };
		BFAD5750291494C300D6A306 /* Assets.xcassets in Resources */ = {isa = PBXBuildFile; fileRef = BFAD574F291494C300D6A306 /* Assets.xcassets */; };
		BFAD5753291494C300D6A306 /* Preview Assets.xcassets in Resources */ = {isa = PBXBuildFile; fileRef = BFAD5752291494C300D6A306 /* Preview Assets.xcassets */; };
		BFAD575D291494C300D6A306 /* Bouldering_AnalyserTests.swift in Sources */ = {isa = PBXBuildFile; fileRef = BFAD575C291494C300D6A306 /* Bouldering_AnalyserTests.swift */; };
		BFAD5767291494C300D6A306 /* Bouldering_AnalyserUITests.swift in Sources */ = {isa = PBXBuildFile; fileRef = BFAD5766291494C300D6A306 /* Bouldering_AnalyserUITests.swift */; };
		BFAD5769291494C300D6A306 /* Bouldering_AnalyserUITestsLaunchTests.swift in Sources */ = {isa = PBXBuildFile; fileRef = BFAD5768291494C300D6A306 /* Bouldering_AnalyserUITestsLaunchTests.swift */; };
		BFAD5776291495B000D6A306 /* LoginView.swift in Sources */ = {isa = PBXBuildFile; fileRef = BFAD5775291495B000D6A306 /* LoginView.swift */; };
		BFAD57782914985100D6A306 /* User.swift in Sources */ = {isa = PBXBuildFile; fileRef = BFAD57772914985100D6A306 /* User.swift */; };
		BFB39B0E29A3F9200056BF99 /* DotView.swift in Sources */ = {isa = PBXBuildFile; fileRef = BFB39B0D29A3F9200056BF99 /* DotView.swift */; };
		BFB77E14295B9E1E0060CB42 /* GoogleService-Info.plist in Resources */ = {isa = PBXBuildFile; fileRef = BFB77E13295B9E1E0060CB42 /* GoogleService-Info.plist */; };
		BFB77E4E295CAB270060CB42 /* FirebaseAuth in Frameworks */ = {isa = PBXBuildFile; productRef = BFB77E4D295CAB270060CB42 /* FirebaseAuth */; };
		BFB77E50295CAB270060CB42 /* FirebaseAuthCombine-Community in Frameworks */ = {isa = PBXBuildFile; productRef = BFB77E4F295CAB270060CB42 /* FirebaseAuthCombine-Community */; };
		BFB77E52295CAB270060CB42 /* FirebaseDatabase in Frameworks */ = {isa = PBXBuildFile; productRef = BFB77E51295CAB270060CB42 /* FirebaseDatabase */; };
		BFB77E54295CAB270060CB42 /* FirebaseDatabaseSwift in Frameworks */ = {isa = PBXBuildFile; productRef = BFB77E53295CAB270060CB42 /* FirebaseDatabaseSwift */; };
		BFB77E56295CAB270060CB42 /* FirebaseFirestore in Frameworks */ = {isa = PBXBuildFile; productRef = BFB77E55295CAB270060CB42 /* FirebaseFirestore */; };
		BFB77E58295CAB270060CB42 /* FirebaseFirestoreSwift in Frameworks */ = {isa = PBXBuildFile; productRef = BFB77E57295CAB270060CB42 /* FirebaseFirestoreSwift */; };
		BFB77E5A295CAB270060CB42 /* FirebaseStorage in Frameworks */ = {isa = PBXBuildFile; productRef = BFB77E59295CAB270060CB42 /* FirebaseStorage */; };
		BFB77E5C295CAB270060CB42 /* FirebaseStorageCombine-Community in Frameworks */ = {isa = PBXBuildFile; productRef = BFB77E5B295CAB270060CB42 /* FirebaseStorageCombine-Community */; };
		BFB77E5E295E57800060CB42 /* SuccessRegisterView.swift in Sources */ = {isa = PBXBuildFile; fileRef = BFB77E5D295E57800060CB42 /* SuccessRegisterView.swift */; };
		BFDA6CF329A136C1007E67EC /* BoulderingHolds.mlpackage in Sources */ = {isa = PBXBuildFile; fileRef = BFDA6CF229A136C1007E67EC /* BoulderingHolds.mlpackage */; };
/* End PBXBuildFile section */

/* Begin PBXContainerItemProxy section */
		BFAD5759291494C300D6A306 /* PBXContainerItemProxy */ = {
			isa = PBXContainerItemProxy;
			containerPortal = BFAD5740291494C200D6A306 /* Project object */;
			proxyType = 1;
			remoteGlobalIDString = BFAD5747291494C200D6A306;
			remoteInfo = "Bouldering Analyser";
		};
		BFAD5763291494C300D6A306 /* PBXContainerItemProxy */ = {
			isa = PBXContainerItemProxy;
			containerPortal = BFAD5740291494C200D6A306 /* Project object */;
			proxyType = 1;
			remoteGlobalIDString = BFAD5747291494C200D6A306;
			remoteInfo = "Bouldering Analyser";
		};
/* End PBXContainerItemProxy section */

/* Begin PBXFileReference section */
		BF08961E2914B3BF007E07BB /* HomeView.swift */ = {isa = PBXFileReference; lastKnownFileType = sourcecode.swift; path = HomeView.swift; sourceTree = "<group>"; };
		BF34EFB82921721C00258778 /* SettingsView.swift */ = {isa = PBXFileReference; lastKnownFileType = sourcecode.swift; path = SettingsView.swift; sourceTree = "<group>"; };
		BF34EFBA29219A2700258778 /* SavedRoutesView.swift */ = {isa = PBXFileReference; lastKnownFileType = sourcecode.swift; path = SavedRoutesView.swift; sourceTree = "<group>"; };
		BF34EFBC29219ADC00258778 /* HoldsView.swift */ = {isa = PBXFileReference; lastKnownFileType = sourcecode.swift; path = HoldsView.swift; sourceTree = "<group>"; };
		BF35B833295B97B1008D0310 /* Bouldering-Analyser-Info.plist */ = {isa = PBXFileReference; lastKnownFileType = text.plist; path = "Bouldering-Analyser-Info.plist"; sourceTree = SOURCE_ROOT; };
		BF4BFDC129678815003AA064 /* ImagePickerView.swift */ = {isa = PBXFileReference; lastKnownFileType = sourcecode.swift; path = ImagePickerView.swift; sourceTree = "<group>"; };
		BF4BFDC329678D5B003AA064 /* UploadView.swift */ = {isa = PBXFileReference; lastKnownFileType = sourcecode.swift; path = UploadView.swift; sourceTree = "<group>"; };
		BF7AB059291C27EB000F01E3 /* RegisterView.swift */ = {isa = PBXFileReference; lastKnownFileType = sourcecode.swift; path = RegisterView.swift; sourceTree = "<group>"; };
		BF874B812921539B006B47E5 /* FeedbackView.swift */ = {isa = PBXFileReference; lastKnownFileType = sourcecode.swift; path = FeedbackView.swift; sourceTree = "<group>"; };
		BF965232295F9E8D00C79932 /* SubmittedView.swift */ = {isa = PBXFileReference; lastKnownFileType = sourcecode.swift; path = SubmittedView.swift; sourceTree = "<group>"; };
		BF9CFD78299ED684009A7B79 /* GradeClassifier.swift */ = {isa = PBXFileReference; lastKnownFileType = sourcecode.swift; path = GradeClassifier.swift; sourceTree = "<group>"; };
		BFAD5748291494C200D6A306 /* Bouldering Analyser.app */ = {isa = PBXFileReference; explicitFileType = wrapper.application; includeInIndex = 0; path = "Bouldering Analyser.app"; sourceTree = BUILT_PRODUCTS_DIR; };
		BFAD574B291494C200D6A306 /* Bouldering_AnalyserApp.swift */ = {isa = PBXFileReference; lastKnownFileType = sourcecode.swift; path = Bouldering_AnalyserApp.swift; sourceTree = "<group>"; };
		BFAD574F291494C300D6A306 /* Assets.xcassets */ = {isa = PBXFileReference; lastKnownFileType = folder.assetcatalog; path = Assets.xcassets; sourceTree = "<group>"; };
		BFAD5752291494C300D6A306 /* Preview Assets.xcassets */ = {isa = PBXFileReference; lastKnownFileType = folder.assetcatalog; path = "Preview Assets.xcassets"; sourceTree = "<group>"; };
		BFAD5758291494C300D6A306 /* Bouldering AnalyserTests.xctest */ = {isa = PBXFileReference; explicitFileType = wrapper.cfbundle; includeInIndex = 0; path = "Bouldering AnalyserTests.xctest"; sourceTree = BUILT_PRODUCTS_DIR; };
		BFAD575C291494C300D6A306 /* Bouldering_AnalyserTests.swift */ = {isa = PBXFileReference; lastKnownFileType = sourcecode.swift; path = Bouldering_AnalyserTests.swift; sourceTree = "<group>"; };
		BFAD5762291494C300D6A306 /* Bouldering AnalyserUITests.xctest */ = {isa = PBXFileReference; explicitFileType = wrapper.cfbundle; includeInIndex = 0; path = "Bouldering AnalyserUITests.xctest"; sourceTree = BUILT_PRODUCTS_DIR; };
		BFAD5766291494C300D6A306 /* Bouldering_AnalyserUITests.swift */ = {isa = PBXFileReference; lastKnownFileType = sourcecode.swift; path = Bouldering_AnalyserUITests.swift; sourceTree = "<group>"; };
		BFAD5768291494C300D6A306 /* Bouldering_AnalyserUITestsLaunchTests.swift */ = {isa = PBXFileReference; lastKnownFileType = sourcecode.swift; path = Bouldering_AnalyserUITestsLaunchTests.swift; sourceTree = "<group>"; };
		BFAD5775291495B000D6A306 /* LoginView.swift */ = {isa = PBXFileReference; lastKnownFileType = sourcecode.swift; path = LoginView.swift; sourceTree = "<group>"; };
		BFAD57772914985100D6A306 /* User.swift */ = {isa = PBXFileReference; lastKnownFileType = sourcecode.swift; path = User.swift; sourceTree = "<group>"; };
		BFB39B0D29A3F9200056BF99 /* DotView.swift */ = {isa = PBXFileReference; lastKnownFileType = sourcecode.swift; path = DotView.swift; sourceTree = "<group>"; };
		BFB77E13295B9E1E0060CB42 /* GoogleService-Info.plist */ = {isa = PBXFileReference; fileEncoding = 4; lastKnownFileType = text.plist.xml; path = "GoogleService-Info.plist"; sourceTree = "<group>"; };
		BFB77E5D295E57800060CB42 /* SuccessRegisterView.swift */ = {isa = PBXFileReference; lastKnownFileType = sourcecode.swift; path = SuccessRegisterView.swift; sourceTree = "<group>"; };
		BFDA6CF229A136C1007E67EC /* BoulderingHolds.mlpackage */ = {isa = PBXFileReference; lastKnownFileType = folder.mlpackage; path = BoulderingHolds.mlpackage; sourceTree = "<group>"; };
/* End PBXFileReference section */

/* Begin PBXFrameworksBuildPhase section */
		BFAD5745291494C200D6A306 /* Frameworks */ = {
			isa = PBXFrameworksBuildPhase;
			buildActionMask = 2147483647;
			files = (
				BFB77E54295CAB270060CB42 /* FirebaseDatabaseSwift in Frameworks */,
				BFB77E52295CAB270060CB42 /* FirebaseDatabase in Frameworks */,
				BFB77E5C295CAB270060CB42 /* FirebaseStorageCombine-Community in Frameworks */,
				BFB77E4E295CAB270060CB42 /* FirebaseAuth in Frameworks */,
				BFB77E56295CAB270060CB42 /* FirebaseFirestore in Frameworks */,
				BFB77E5A295CAB270060CB42 /* FirebaseStorage in Frameworks */,
				BFB77E50295CAB270060CB42 /* FirebaseAuthCombine-Community in Frameworks */,
				BFB77E58295CAB270060CB42 /* FirebaseFirestoreSwift in Frameworks */,
			);
			runOnlyForDeploymentPostprocessing = 0;
		};
		BFAD5755291494C300D6A306 /* Frameworks */ = {
			isa = PBXFrameworksBuildPhase;
			buildActionMask = 2147483647;
			files = (
			);
			runOnlyForDeploymentPostprocessing = 0;
		};
		BFAD575F291494C300D6A306 /* Frameworks */ = {
			isa = PBXFrameworksBuildPhase;
			buildActionMask = 2147483647;
			files = (
			);
			runOnlyForDeploymentPostprocessing = 0;
		};
/* End PBXFrameworksBuildPhase section */

/* Begin PBXGroup section */
		BFAD573F291494C200D6A306 = {
			isa = PBXGroup;
			children = (
				BFAD574A291494C200D6A306 /* Bouldering Analyser */,
				BFAD575B291494C300D6A306 /* Bouldering AnalyserTests */,
				BFAD5765291494C300D6A306 /* Bouldering AnalyserUITests */,
				BFAD5749291494C200D6A306 /* Products */,
			);
			sourceTree = "<group>";
		};
		BFAD5749291494C200D6A306 /* Products */ = {
			isa = PBXGroup;
			children = (
				BFAD5748291494C200D6A306 /* Bouldering Analyser.app */,
				BFAD5758291494C300D6A306 /* Bouldering AnalyserTests.xctest */,
				BFAD5762291494C300D6A306 /* Bouldering AnalyserUITests.xctest */,
			);
			name = Products;
			sourceTree = "<group>";
		};
		BFAD574A291494C200D6A306 /* Bouldering Analyser */ = {
			isa = PBXGroup;
			children = (
				BFDA6CF229A136C1007E67EC /* BoulderingHolds.mlpackage */,
				BFB77E13295B9E1E0060CB42 /* GoogleService-Info.plist */,
				BF35B833295B97B1008D0310 /* Bouldering-Analyser-Info.plist */,
				BFAD574B291494C200D6A306 /* Bouldering_AnalyserApp.swift */,
				BF4BFDC129678815003AA064 /* ImagePickerView.swift */,
				BFAD5775291495B000D6A306 /* LoginView.swift */,
				BF7AB059291C27EB000F01E3 /* RegisterView.swift */,
				BF08961E2914B3BF007E07BB /* HomeView.swift */,
				BF4BFDC329678D5B003AA064 /* UploadView.swift */,
				BFB77E5D295E57800060CB42 /* SuccessRegisterView.swift */,
				BF965232295F9E8D00C79932 /* SubmittedView.swift */,
				BF34EFBA29219A2700258778 /* SavedRoutesView.swift */,
				BF9CFD78299ED684009A7B79 /* GradeClassifier.swift */,
				BF34EFBC29219ADC00258778 /* HoldsView.swift */,
				BFB39B0D29A3F9200056BF99 /* DotView.swift */,
				BF34EFB82921721C00258778 /* SettingsView.swift */,
				BFAD57772914985100D6A306 /* User.swift */,
				BF874B812921539B006B47E5 /* FeedbackView.swift */,
				BFAD574F291494C300D6A306 /* Assets.xcassets */,
				BFAD5751291494C300D6A306 /* Preview Content */,
			);
			path = "Bouldering Analyser";
			sourceTree = "<group>";
		};
		BFAD5751291494C300D6A306 /* Preview Content */ = {
			isa = PBXGroup;
			children = (
				BFAD5752291494C300D6A306 /* Preview Assets.xcassets */,
			);
			path = "Preview Content";
			sourceTree = "<group>";
		};
		BFAD575B291494C300D6A306 /* Bouldering AnalyserTests */ = {
			isa = PBXGroup;
			children = (
				BFAD575C291494C300D6A306 /* Bouldering_AnalyserTests.swift */,
			);
			path = "Bouldering AnalyserTests";
			sourceTree = "<group>";
		};
		BFAD5765291494C300D6A306 /* Bouldering AnalyserUITests */ = {
			isa = PBXGroup;
			children = (
				BFAD5766291494C300D6A306 /* Bouldering_AnalyserUITests.swift */,
				BFAD5768291494C300D6A306 /* Bouldering_AnalyserUITestsLaunchTests.swift */,
			);
			path = "Bouldering AnalyserUITests";
			sourceTree = "<group>";
		};
/* End PBXGroup section */

/* Begin PBXNativeTarget section */
		BFAD5747291494C200D6A306 /* Bouldering Analyser */ = {
			isa = PBXNativeTarget;
			buildConfigurationList = BFAD576C291494C300D6A306 /* Build configuration list for PBXNativeTarget "Bouldering Analyser" */;
			buildPhases = (
				BFAD5744291494C200D6A306 /* Sources */,
				BFAD5745291494C200D6A306 /* Frameworks */,
				BFAD5746291494C200D6A306 /* Resources */,
			);
			buildRules = (
			);
			dependencies = (
			);
			name = "Bouldering Analyser";
			packageProductDependencies = (
				BFB77E4D295CAB270060CB42 /* FirebaseAuth */,
				BFB77E4F295CAB270060CB42 /* FirebaseAuthCombine-Community */,
				BFB77E51295CAB270060CB42 /* FirebaseDatabase */,
				BFB77E53295CAB270060CB42 /* FirebaseDatabaseSwift */,
				BFB77E55295CAB270060CB42 /* FirebaseFirestore */,
				BFB77E57295CAB270060CB42 /* FirebaseFirestoreSwift */,
				BFB77E59295CAB270060CB42 /* FirebaseStorage */,
				BFB77E5B295CAB270060CB42 /* FirebaseStorageCombine-Community */,
			);
			productName = "Bouldering Analyser";
			productReference = BFAD5748291494C200D6A306 /* Bouldering Analyser.app */;
			productType = "com.apple.product-type.application";
		};
		BFAD5757291494C300D6A306 /* Bouldering AnalyserTests */ = {
			isa = PBXNativeTarget;
			buildConfigurationList = BFAD576F291494C300D6A306 /* Build configuration list for PBXNativeTarget "Bouldering AnalyserTests" */;
			buildPhases = (
				BFAD5754291494C300D6A306 /* Sources */,
				BFAD5755291494C300D6A306 /* Frameworks */,
				BFAD5756291494C300D6A306 /* Resources */,
			);
			buildRules = (
			);
			dependencies = (
				BFAD575A291494C300D6A306 /* PBXTargetDependency */,
			);
			name = "Bouldering AnalyserTests";
			productName = "Bouldering AnalyserTests";
			productReference = BFAD5758291494C300D6A306 /* Bouldering AnalyserTests.xctest */;
			productType = "com.apple.product-type.bundle.unit-test";
		};
		BFAD5761291494C300D6A306 /* Bouldering AnalyserUITests */ = {
			isa = PBXNativeTarget;
			buildConfigurationList = BFAD5772291494C300D6A306 /* Build configuration list for PBXNativeTarget "Bouldering AnalyserUITests" */;
			buildPhases = (
				BFAD575E291494C300D6A306 /* Sources */,
				BFAD575F291494C300D6A306 /* Frameworks */,
				BFAD5760291494C300D6A306 /* Resources */,
			);
			buildRules = (
			);
			dependencies = (
				BFAD5764291494C300D6A306 /* PBXTargetDependency */,
			);
			name = "Bouldering AnalyserUITests";
			productName = "Bouldering AnalyserUITests";
			productReference = BFAD5762291494C300D6A306 /* Bouldering AnalyserUITests.xctest */;
			productType = "com.apple.product-type.bundle.ui-testing";
		};
/* End PBXNativeTarget section */

/* Begin PBXProject section */
		BFAD5740291494C200D6A306 /* Project object */ = {
			isa = PBXProject;
			attributes = {
				BuildIndependentTargetsInParallel = 1;
				LastSwiftUpdateCheck = 1410;
				LastUpgradeCheck = 1410;
				TargetAttributes = {
					BFAD5747291494C200D6A306 = {
						CreatedOnToolsVersion = 14.1;
					};
					BFAD5757291494C300D6A306 = {
						CreatedOnToolsVersion = 14.1;
						TestTargetID = BFAD5747291494C200D6A306;
					};
					BFAD5761291494C300D6A306 = {
						CreatedOnToolsVersion = 14.1;
						TestTargetID = BFAD5747291494C200D6A306;
					};
				};
			};
			buildConfigurationList = BFAD5743291494C200D6A306 /* Build configuration list for PBXProject "Bouldering Analyser" */;
			compatibilityVersion = "Xcode 14.0";
			developmentRegion = en;
			hasScannedForEncodings = 0;
			knownRegions = (
				en,
				Base,
			);
			mainGroup = BFAD573F291494C200D6A306;
			packageReferences = (
				BFB77E4C295CAB270060CB42 /* XCRemoteSwiftPackageReference "firebase-ios-sdk" */,
			);
			productRefGroup = BFAD5749291494C200D6A306 /* Products */;
			projectDirPath = "";
			projectRoot = "";
			targets = (
				BFAD5747291494C200D6A306 /* Bouldering Analyser */,
				BFAD5757291494C300D6A306 /* Bouldering AnalyserTests */,
				BFAD5761291494C300D6A306 /* Bouldering AnalyserUITests */,
			);
		};
/* End PBXProject section */

/* Begin PBXResourcesBuildPhase section */
		BFAD5746291494C200D6A306 /* Resources */ = {
			isa = PBXResourcesBuildPhase;
			buildActionMask = 2147483647;
			files = (
				BFAD5753291494C300D6A306 /* Preview Assets.xcassets in Resources */,
				BFAD5750291494C300D6A306 /* Assets.xcassets in Resources */,
				BFB77E14295B9E1E0060CB42 /* GoogleService-Info.plist in Resources */,
			);
			runOnlyForDeploymentPostprocessing = 0;
		};
		BFAD5756291494C300D6A306 /* Resources */ = {
			isa = PBXResourcesBuildPhase;
			buildActionMask = 2147483647;
			files = (
			);
			runOnlyForDeploymentPostprocessing = 0;
		};
		BFAD5760291494C300D6A306 /* Resources */ = {
			isa = PBXResourcesBuildPhase;
			buildActionMask = 2147483647;
			files = (
			);
			runOnlyForDeploymentPostprocessing = 0;
		};
/* End PBXResourcesBuildPhase section */

/* Begin PBXSourcesBuildPhase section */
		BFAD5744291494C200D6A306 /* Sources */ = {
			isa = PBXSourcesBuildPhase;
			buildActionMask = 2147483647;
			files = (
				BFAD57782914985100D6A306 /* User.swift in Sources */,
				BFDA6CF329A136C1007E67EC /* BoulderingHolds.mlpackage in Sources */,
				BFAD574C291494C200D6A306 /* Bouldering_AnalyserApp.swift in Sources */,
				BF34EFB92921721C00258778 /* SettingsView.swift in Sources */,
				BF874B822921539B006B47E5 /* FeedbackView.swift in Sources */,
				BF4BFDC229678815003AA064 /* ImagePickerView.swift in Sources */,
				BF34EFBB29219A2700258778 /* SavedRoutesView.swift in Sources */,
				BF9CFD79299ED684009A7B79 /* GradeClassifier.swift in Sources */,
				BF08961F2914B3BF007E07BB /* HomeView.swift in Sources */,
				BFAD5776291495B000D6A306 /* LoginView.swift in Sources */,
				BFB39B0E29A3F9200056BF99 /* DotView.swift in Sources */,
				BFB77E5E295E57800060CB42 /* SuccessRegisterView.swift in Sources */,
				BF965233295F9E8D00C79932 /* SubmittedView.swift in Sources */,
				BF4BFDC429678D5B003AA064 /* UploadView.swift in Sources */,
				BF7AB05A291C27EB000F01E3 /* RegisterView.swift in Sources */,
				BF34EFBD29219ADC00258778 /* HoldsView.swift in Sources */,
			);
			runOnlyForDeploymentPostprocessing = 0;
		};
		BFAD5754291494C300D6A306 /* Sources */ = {
			isa = PBXSourcesBuildPhase;
			buildActionMask = 2147483647;
			files = (
				BFAD575D291494C300D6A306 /* Bouldering_AnalyserTests.swift in Sources */,
			);
			runOnlyForDeploymentPostprocessing = 0;
		};
		BFAD575E291494C300D6A306 /* Sources */ = {
			isa = PBXSourcesBuildPhase;
			buildActionMask = 2147483647;
			files = (
				BFAD5769291494C300D6A306 /* Bouldering_AnalyserUITestsLaunchTests.swift in Sources */,
				BFAD5767291494C300D6A306 /* Bouldering_AnalyserUITests.swift in Sources */,
			);
			runOnlyForDeploymentPostprocessing = 0;
		};
/* End PBXSourcesBuildPhase section */

/* Begin PBXTargetDependency section */
		BFAD575A291494C300D6A306 /* PBXTargetDependency */ = {
			isa = PBXTargetDependency;
			target = BFAD5747291494C200D6A306 /* Bouldering Analyser */;
			targetProxy = BFAD5759291494C300D6A306 /* PBXContainerItemProxy */;
		};
		BFAD5764291494C300D6A306 /* PBXTargetDependency */ = {
			isa = PBXTargetDependency;
			target = BFAD5747291494C200D6A306 /* Bouldering Analyser */;
			targetProxy = BFAD5763291494C300D6A306 /* PBXContainerItemProxy */;
		};
/* End PBXTargetDependency section */

/* Begin XCBuildConfiguration section */
		BFAD576A291494C300D6A306 /* Debug */ = {
			isa = XCBuildConfiguration;
			buildSettings = {
				ALWAYS_SEARCH_USER_PATHS = NO;
				CLANG_ANALYZER_NONNULL = YES;
				CLANG_ANALYZER_NUMBER_OBJECT_CONVERSION = YES_AGGRESSIVE;
				CLANG_CXX_LANGUAGE_STANDARD = "gnu++20";
				CLANG_ENABLE_MODULES = YES;
				CLANG_ENABLE_OBJC_ARC = YES;
				CLANG_ENABLE_OBJC_WEAK = YES;
				CLANG_WARN_BLOCK_CAPTURE_AUTORELEASING = YES;
				CLANG_WARN_BOOL_CONVERSION = YES;
				CLANG_WARN_COMMA = YES;
				CLANG_WARN_CONSTANT_CONVERSION = YES;
				CLANG_WARN_DEPRECATED_OBJC_IMPLEMENTATIONS = YES;
				CLANG_WARN_DIRECT_OBJC_ISA_USAGE = YES_ERROR;
				CLANG_WARN_DOCUMENTATION_COMMENTS = YES;
				CLANG_WARN_EMPTY_BODY = YES;
				CLANG_WARN_ENUM_CONVERSION = YES;
				CLANG_WARN_INFINITE_RECURSION = YES;
				CLANG_WARN_INT_CONVERSION = YES;
				CLANG_WARN_NON_LITERAL_NULL_CONVERSION = YES;
				CLANG_WARN_OBJC_IMPLICIT_RETAIN_SELF = YES;
				CLANG_WARN_OBJC_LITERAL_CONVERSION = YES;
				CLANG_WARN_OBJC_ROOT_CLASS = YES_ERROR;
				CLANG_WARN_QUOTED_INCLUDE_IN_FRAMEWORK_HEADER = YES;
				CLANG_WARN_RANGE_LOOP_ANALYSIS = YES;
				CLANG_WARN_STRICT_PROTOTYPES = YES;
				CLANG_WARN_SUSPICIOUS_MOVE = YES;
				CLANG_WARN_UNGUARDED_AVAILABILITY = YES_AGGRESSIVE;
				CLANG_WARN_UNREACHABLE_CODE = YES;
				CLANG_WARN__DUPLICATE_METHOD_MATCH = YES;
				COPY_PHASE_STRIP = NO;
				DEBUG_INFORMATION_FORMAT = dwarf;
				ENABLE_STRICT_OBJC_MSGSEND = YES;
				ENABLE_TESTABILITY = YES;
				GCC_C_LANGUAGE_STANDARD = gnu11;
				GCC_DYNAMIC_NO_PIC = NO;
				GCC_NO_COMMON_BLOCKS = YES;
				GCC_OPTIMIZATION_LEVEL = 0;
				GCC_PREPROCESSOR_DEFINITIONS = (
					"DEBUG=1",
					"$(inherited)",
				);
				GCC_WARN_64_TO_32_BIT_CONVERSION = YES;
				GCC_WARN_ABOUT_RETURN_TYPE = YES_ERROR;
				GCC_WARN_UNDECLARED_SELECTOR = YES;
				GCC_WARN_UNINITIALIZED_AUTOS = YES_AGGRESSIVE;
				GCC_WARN_UNUSED_FUNCTION = YES;
				GCC_WARN_UNUSED_VARIABLE = YES;
				IPHONEOS_DEPLOYMENT_TARGET = 16.1;
				MTL_ENABLE_DEBUG_INFO = INCLUDE_SOURCE;
				MTL_FAST_MATH = YES;
				ONLY_ACTIVE_ARCH = YES;
				SDKROOT = iphoneos;
				SWIFT_ACTIVE_COMPILATION_CONDITIONS = DEBUG;
				SWIFT_OPTIMIZATION_LEVEL = "-Onone";
			};
			name = Debug;
		};
		BFAD576B291494C300D6A306 /* Release */ = {
			isa = XCBuildConfiguration;
			buildSettings = {
				ALWAYS_SEARCH_USER_PATHS = NO;
				CLANG_ANALYZER_NONNULL = YES;
				CLANG_ANALYZER_NUMBER_OBJECT_CONVERSION = YES_AGGRESSIVE;
				CLANG_CXX_LANGUAGE_STANDARD = "gnu++20";
				CLANG_ENABLE_MODULES = YES;
				CLANG_ENABLE_OBJC_ARC = YES;
				CLANG_ENABLE_OBJC_WEAK = YES;
				CLANG_WARN_BLOCK_CAPTURE_AUTORELEASING = YES;
				CLANG_WARN_BOOL_CONVERSION = YES;
				CLANG_WARN_COMMA = YES;
				CLANG_WARN_CONSTANT_CONVERSION = YES;
				CLANG_WARN_DEPRECATED_OBJC_IMPLEMENTATIONS = YES;
				CLANG_WARN_DIRECT_OBJC_ISA_USAGE = YES_ERROR;
				CLANG_WARN_DOCUMENTATION_COMMENTS = YES;
				CLANG_WARN_EMPTY_BODY = YES;
				CLANG_WARN_ENUM_CONVERSION = YES;
				CLANG_WARN_INFINITE_RECURSION = YES;
				CLANG_WARN_INT_CONVERSION = YES;
				CLANG_WARN_NON_LITERAL_NULL_CONVERSION = YES;
				CLANG_WARN_OBJC_IMPLICIT_RETAIN_SELF = YES;
				CLANG_WARN_OBJC_LITERAL_CONVERSION = YES;
				CLANG_WARN_OBJC_ROOT_CLASS = YES_ERROR;
				CLANG_WARN_QUOTED_INCLUDE_IN_FRAMEWORK_HEADER = YES;
				CLANG_WARN_RANGE_LOOP_ANALYSIS = YES;
				CLANG_WARN_STRICT_PROTOTYPES = YES;
				CLANG_WARN_SUSPICIOUS_MOVE = YES;
				CLANG_WARN_UNGUARDED_AVAILABILITY = YES_AGGRESSIVE;
				CLANG_WARN_UNREACHABLE_CODE = YES;
				CLANG_WARN__DUPLICATE_METHOD_MATCH = YES;
				COPY_PHASE_STRIP = NO;
				DEBUG_INFORMATION_FORMAT = "dwarf-with-dsym";
				ENABLE_NS_ASSERTIONS = NO;
				ENABLE_STRICT_OBJC_MSGSEND = YES;
				GCC_C_LANGUAGE_STANDARD = gnu11;
				GCC_NO_COMMON_BLOCKS = YES;
				GCC_WARN_64_TO_32_BIT_CONVERSION = YES;
				GCC_WARN_ABOUT_RETURN_TYPE = YES_ERROR;
				GCC_WARN_UNDECLARED_SELECTOR = YES;
				GCC_WARN_UNINITIALIZED_AUTOS = YES_AGGRESSIVE;
				GCC_WARN_UNUSED_FUNCTION = YES;
				GCC_WARN_UNUSED_VARIABLE = YES;
				IPHONEOS_DEPLOYMENT_TARGET = 16.1;
				MTL_ENABLE_DEBUG_INFO = NO;
				MTL_FAST_MATH = YES;
				SDKROOT = iphoneos;
				SWIFT_COMPILATION_MODE = wholemodule;
				SWIFT_OPTIMIZATION_LEVEL = "-O";
				VALIDATE_PRODUCT = YES;
			};
			name = Release;
		};
		BFAD576D291494C300D6A306 /* Debug */ = {
			isa = XCBuildConfiguration;
			buildSettings = {
				ASSETCATALOG_COMPILER_APPICON_NAME = AppIcon;
				ASSETCATALOG_COMPILER_GLOBAL_ACCENT_COLOR_NAME = AccentColor;
				CODE_SIGN_STYLE = Automatic;
				CURRENT_PROJECT_VERSION = 1;
				DEVELOPMENT_ASSET_PATHS = "\"Bouldering Analyser/Preview Content\"";
				DEVELOPMENT_TEAM = "";
				ENABLE_PREVIEWS = YES;
				GENERATE_INFOPLIST_FILE = YES;
				INFOPLIST_FILE = "Bouldering-Analyser-Info.plist";
				INFOPLIST_KEY_UIApplicationSupportsIndirectInputEvents = YES;
				INFOPLIST_KEY_UILaunchScreen_Generation = YES;
				INFOPLIST_KEY_UISupportedInterfaceOrientations_iPad = "UIInterfaceOrientationPortrait UIInterfaceOrientationPortraitUpsideDown UIInterfaceOrientationLandscapeLeft UIInterfaceOrientationLandscapeRight";
				INFOPLIST_KEY_UISupportedInterfaceOrientations_iPhone = "UIInterfaceOrientationPortrait UIInterfaceOrientationLandscapeLeft UIInterfaceOrientationLandscapeRight";
				LD_RUNPATH_SEARCH_PATHS = (
					"$(inherited)",
					"@executable_path/Frameworks",
				);
				MARKETING_VERSION = 1.0;
				PRODUCT_BUNDLE_IDENTIFIER = "Warwick.Bouldering-Analyser";
				PRODUCT_NAME = "$(TARGET_NAME)";
				SWIFT_EMIT_LOC_STRINGS = YES;
				SWIFT_VERSION = 5.0;
				TARGETED_DEVICE_FAMILY = "1,2";
			};
			name = Debug;
		};
		BFAD576E291494C300D6A306 /* Release */ = {
			isa = XCBuildConfiguration;
			buildSettings = {
				ASSETCATALOG_COMPILER_APPICON_NAME = AppIcon;
				ASSETCATALOG_COMPILER_GLOBAL_ACCENT_COLOR_NAME = AccentColor;
				CODE_SIGN_STYLE = Automatic;
				CURRENT_PROJECT_VERSION = 1;
				DEVELOPMENT_ASSET_PATHS = "\"Bouldering Analyser/Preview Content\"";
				DEVELOPMENT_TEAM = "";
				ENABLE_PREVIEWS = YES;
				GENERATE_INFOPLIST_FILE = YES;
				INFOPLIST_FILE = "Bouldering-Analyser-Info.plist";
				INFOPLIST_KEY_UIApplicationSupportsIndirectInputEvents = YES;
				INFOPLIST_KEY_UILaunchScreen_Generation = YES;
				INFOPLIST_KEY_UISupportedInterfaceOrientations_iPad = "UIInterfaceOrientationPortrait UIInterfaceOrientationPortraitUpsideDown UIInterfaceOrientationLandscapeLeft UIInterfaceOrientationLandscapeRight";
				INFOPLIST_KEY_UISupportedInterfaceOrientations_iPhone = "UIInterfaceOrientationPortrait UIInterfaceOrientationLandscapeLeft UIInterfaceOrientationLandscapeRight";
				LD_RUNPATH_SEARCH_PATHS = (
					"$(inherited)",
					"@executable_path/Frameworks",
				);
				MARKETING_VERSION = 1.0;
				PRODUCT_BUNDLE_IDENTIFIER = "Warwick.Bouldering-Analyser";
				PRODUCT_NAME = "$(TARGET_NAME)";
				SWIFT_EMIT_LOC_STRINGS = YES;
				SWIFT_VERSION = 5.0;
				TARGETED_DEVICE_FAMILY = "1,2";
			};
			name = Release;
		};
		BFAD5770291494C300D6A306 /* Debug */ = {
			isa = XCBuildConfiguration;
			buildSettings = {
				ALWAYS_EMBED_SWIFT_STANDARD_LIBRARIES = YES;
				BUNDLE_LOADER = "$(TEST_HOST)";
				CODE_SIGN_STYLE = Automatic;
				CURRENT_PROJECT_VERSION = 1;
				GENERATE_INFOPLIST_FILE = YES;
				IPHONEOS_DEPLOYMENT_TARGET = 16.1;
				MARKETING_VERSION = 1.0;
				PRODUCT_BUNDLE_IDENTIFIER = "Warwick.Bouldering-AnalyserTests";
				PRODUCT_NAME = "$(TARGET_NAME)";
				SWIFT_EMIT_LOC_STRINGS = NO;
				SWIFT_VERSION = 5.0;
				TARGETED_DEVICE_FAMILY = "1,2";
				TEST_HOST = "$(BUILT_PRODUCTS_DIR)/Bouldering Analyser.app/$(BUNDLE_EXECUTABLE_FOLDER_PATH)/Bouldering Analyser";
			};
			name = Debug;
		};
		BFAD5771291494C300D6A306 /* Release */ = {
			isa = XCBuildConfiguration;
			buildSettings = {
				ALWAYS_EMBED_SWIFT_STANDARD_LIBRARIES = YES;
				BUNDLE_LOADER = "$(TEST_HOST)";
				CODE_SIGN_STYLE = Automatic;
				CURRENT_PROJECT_VERSION = 1;
				GENERATE_INFOPLIST_FILE = YES;
				IPHONEOS_DEPLOYMENT_TARGET = 16.1;
				MARKETING_VERSION = 1.0;
				PRODUCT_BUNDLE_IDENTIFIER = "Warwick.Bouldering-AnalyserTests";
				PRODUCT_NAME = "$(TARGET_NAME)";
				SWIFT_EMIT_LOC_STRINGS = NO;
				SWIFT_VERSION = 5.0;
				TARGETED_DEVICE_FAMILY = "1,2";
				TEST_HOST = "$(BUILT_PRODUCTS_DIR)/Bouldering Analyser.app/$(BUNDLE_EXECUTABLE_FOLDER_PATH)/Bouldering Analyser";
			};
			name = Release;
		};
		BFAD5773291494C300D6A306 /* Debug */ = {
			isa = XCBuildConfiguration;
			buildSettings = {
				ALWAYS_EMBED_SWIFT_STANDARD_LIBRARIES = YES;
				CODE_SIGN_STYLE = Automatic;
				CURRENT_PROJECT_VERSION = 1;
				GENERATE_INFOPLIST_FILE = YES;
				MARKETING_VERSION = 1.0;
				PRODUCT_BUNDLE_IDENTIFIER = "Warwick.Bouldering-AnalyserUITests";
				PRODUCT_NAME = "$(TARGET_NAME)";
				SWIFT_EMIT_LOC_STRINGS = NO;
				SWIFT_VERSION = 5.0;
				TARGETED_DEVICE_FAMILY = "1,2";
				TEST_TARGET_NAME = "Bouldering Analyser";
			};
			name = Debug;
		};
		BFAD5774291494C300D6A306 /* Release */ = {
			isa = XCBuildConfiguration;
			buildSettings = {
				ALWAYS_EMBED_SWIFT_STANDARD_LIBRARIES = YES;
				CODE_SIGN_STYLE = Automatic;
				CURRENT_PROJECT_VERSION = 1;
				GENERATE_INFOPLIST_FILE = YES;
				MARKETING_VERSION = 1.0;
				PRODUCT_BUNDLE_IDENTIFIER = "Warwick.Bouldering-AnalyserUITests";
				PRODUCT_NAME = "$(TARGET_NAME)";
				SWIFT_EMIT_LOC_STRINGS = NO;
				SWIFT_VERSION = 5.0;
				TARGETED_DEVICE_FAMILY = "1,2";
				TEST_TARGET_NAME = "Bouldering Analyser";
			};
			name = Release;
		};
/* End XCBuildConfiguration section */

/* Begin XCConfigurationList section */
		BFAD5743291494C200D6A306 /* Build configuration list for PBXProject "Bouldering Analyser" */ = {
			isa = XCConfigurationList;
			buildConfigurations = (
				BFAD576A291494C300D6A306 /* Debug */,
				BFAD576B291494C300D6A306 /* Release */,
			);
			defaultConfigurationIsVisible = 0;
			defaultConfigurationName = Release;
		};
		BFAD576C291494C300D6A306 /* Build configuration list for PBXNativeTarget "Bouldering Analyser" */ = {
			isa = XCConfigurationList;
			buildConfigurations = (
				BFAD576D291494C300D6A306 /* Debug */,
				BFAD576E291494C300D6A306 /* Release */,
			);
			defaultConfigurationIsVisible = 0;
			defaultConfigurationName = Release;
		};
		BFAD576F291494C300D6A306 /* Build configuration list for PBXNativeTarget "Bouldering AnalyserTests" */ = {
			isa = XCConfigurationList;
			buildConfigurations = (
				BFAD5770291494C300D6A306 /* Debug */,
				BFAD5771291494C300D6A306 /* Release */,
			);
			defaultConfigurationIsVisible = 0;
			defaultConfigurationName = Release;
		};
		BFAD5772291494C300D6A306 /* Build configuration list for PBXNativeTarget "Bouldering AnalyserUITests" */ = {
			isa = XCConfigurationList;
			buildConfigurations = (
				BFAD5773291494C300D6A306 /* Debug */,
				BFAD5774291494C300D6A306 /* Release */,
			);
			defaultConfigurationIsVisible = 0;
			defaultConfigurationName = Release;
		};
/* End XCConfigurationList section */

/* Begin XCRemoteSwiftPackageReference section */
		BFB77E4C295CAB270060CB42 /* XCRemoteSwiftPackageReference "firebase-ios-sdk" */ = {
			isa = XCRemoteSwiftPackageReference;
			repositoryURL = "https://github.com/firebase/firebase-ios-sdk.git";
			requirement = {
				branch = master;
				kind = branch;
			};
		};
/* End XCRemoteSwiftPackageReference section */

/* Begin XCSwiftPackageProductDependency section */
		BFB77E4D295CAB270060CB42 /* FirebaseAuth */ = {
			isa = XCSwiftPackageProductDependency;
			package = BFB77E4C295CAB270060CB42 /* XCRemoteSwiftPackageReference "firebase-ios-sdk" */;
			productName = FirebaseAuth;
		};
		BFB77E4F295CAB270060CB42 /* FirebaseAuthCombine-Community */ = {
			isa = XCSwiftPackageProductDependency;
			package = BFB77E4C295CAB270060CB42 /* XCRemoteSwiftPackageReference "firebase-ios-sdk" */;
			productName = "FirebaseAuthCombine-Community";
		};
		BFB77E51295CAB270060CB42 /* FirebaseDatabase */ = {
			isa = XCSwiftPackageProductDependency;
			package = BFB77E4C295CAB270060CB42 /* XCRemoteSwiftPackageReference "firebase-ios-sdk" */;
			productName = FirebaseDatabase;
		};
		BFB77E53295CAB270060CB42 /* FirebaseDatabaseSwift */ = {
			isa = XCSwiftPackageProductDependency;
			package = BFB77E4C295CAB270060CB42 /* XCRemoteSwiftPackageReference "firebase-ios-sdk" */;
			productName = FirebaseDatabaseSwift;
		};
		BFB77E55295CAB270060CB42 /* FirebaseFirestore */ = {
			isa = XCSwiftPackageProductDependency;
			package = BFB77E4C295CAB270060CB42 /* XCRemoteSwiftPackageReference "firebase-ios-sdk" */;
			productName = FirebaseFirestore;
		};
		BFB77E57295CAB270060CB42 /* FirebaseFirestoreSwift */ = {
			isa = XCSwiftPackageProductDependency;
			package = BFB77E4C295CAB270060CB42 /* XCRemoteSwiftPackageReference "firebase-ios-sdk" */;
			productName = FirebaseFirestoreSwift;
		};
		BFB77E59295CAB270060CB42 /* FirebaseStorage */ = {
			isa = XCSwiftPackageProductDependency;
			package = BFB77E4C295CAB270060CB42 /* XCRemoteSwiftPackageReference "firebase-ios-sdk" */;
			productName = FirebaseStorage;
		};
		BFB77E5B295CAB270060CB42 /* FirebaseStorageCombine-Community */ = {
			isa = XCSwiftPackageProductDependency;
			package = BFB77E4C295CAB270060CB42 /* XCRemoteSwiftPackageReference "firebase-ios-sdk" */;
			productName = "FirebaseStorageCombine-Community";
		};
/* End XCSwiftPackageProductDependency section */
	};
	rootObject = BFAD5740291494C200D6A306 /* Project object */;
}
